// !$*UTF8*$!
{
	archiveVersion = 1;
	classes = {
	};
	objectVersion = 55;
	objects = {

/* Begin PBXBuildFile section */
		FAFB7B5C2833D5E90027E42F /* main.swift in Sources */ = {isa = PBXBuildFile; fileRef = FAFB7B5B2833D5E90027E42F /* main.swift */; };
		FAFB7B632833D61A0027E42F /* Phone.swift in Sources */ = {isa = PBXBuildFile; fileRef = FAFB7B622833D61A0027E42F /* Phone.swift */; };
		FAFB7B652833D81A0027E42F /* TechnicalData.swift in Sources */ = {isa = PBXBuildFile; fileRef = FAFB7B642833D81A0027E42F /* TechnicalData.swift */; };
		FAFB7B672833D84A0027E42F /* Iphone5.swift in Sources */ = {isa = PBXBuildFile; fileRef = FAFB7B662833D84A0027E42F /* Iphone5.swift */; };
		FAFB7B692833D89B0027E42F /* Iphone6.swift in Sources */ = {isa = PBXBuildFile; fileRef = FAFB7B682833D89B0027E42F /* Iphone6.swift */; };
		FAFB7B6B2833D8BE0027E42F /* Iphone7.swift in Sources */ = {isa = PBXBuildFile; fileRef = FAFB7B6A2833D8BE0027E42F /* Iphone7.swift */; };
		FAFB7B6D2833DB1F0027E42F /* ExternalData.swift in Sources */ = {isa = PBXBuildFile; fileRef = FAFB7B6C2833DB1F0027E42F /* ExternalData.swift */; };
/* End PBXBuildFile section */

/* Begin PBXCopyFilesBuildPhase section */
		FAFB7B562833D5E90027E42F /* CopyFiles */ = {
			isa = PBXCopyFilesBuildPhase;
			buildActionMask = 2147483647;
			dstPath = /usr/share/man/man1/;
			dstSubfolderSpec = 0;
			files = (
			);
			runOnlyForDeploymentPostprocessing = 1;
		};
/* End PBXCopyFilesBuildPhase section */

/* Begin PBXFileReference section */
		FAFB7B582833D5E90027E42F /* Home5(2) */ = {isa = PBXFileReference; explicitFileType = "compiled.mach-o.executable"; includeInIndex = 0; path = "Home5(2)"; sourceTree = BUILT_PRODUCTS_DIR; };
		FAFB7B5B2833D5E90027E42F /* main.swift */ = {isa = PBXFileReference; lastKnownFileType = sourcecode.swift; path = main.swift; sourceTree = "<group>"; };
		FAFB7B622833D61A0027E42F /* Phone.swift */ = {isa = PBXFileReference; lastKnownFileType = sourcecode.swift; path = Phone.swift; sourceTree = "<group>"; };
		FAFB7B642833D81A0027E42F /* TechnicalData.swift */ = {isa = PBXFileReference; lastKnownFileType = sourcecode.swift; path = TechnicalData.swift; sourceTree = "<group>"; };
		FAFB7B662833D84A0027E42F /* Iphone5.swift */ = {isa = PBXFileReference; lastKnownFileType = sourcecode.swift; path = Iphone5.swift; sourceTree = "<group>"; };
		FAFB7B682833D89B0027E42F /* Iphone6.swift */ = {isa = PBXFileReference; lastKnownFileType = sourcecode.swift; path = Iphone6.swift; sourceTree = "<group>"; };
		FAFB7B6A2833D8BE0027E42F /* Iphone7.swift */ = {isa = PBXFileReference; lastKnownFileType = sourcecode.swift; path = Iphone7.swift; sourceTree = "<group>"; };
		FAFB7B6C2833DB1F0027E42F /* ExternalData.swift */ = {isa = PBXFileReference; lastKnownFileType = sourcecode.swift; path = ExternalData.swift; sourceTree = "<group>"; };
/* End PBXFileReference section */

/* Begin PBXFrameworksBuildPhase section */
		FAFB7B552833D5E90027E42F /* Frameworks */ = {
			isa = PBXFrameworksBuildPhase;
			buildActionMask = 2147483647;
			files = (
			);
			runOnlyForDeploymentPostprocessing = 0;
		};
/* End PBXFrameworksBuildPhase section */

/* Begin PBXGroup section */
		FAFB7B4F2833D5E90027E42F = {
			isa = PBXGroup;
			children = (
				FAFB7B5A2833D5E90027E42F /* Home5(2) */,
				FAFB7B592833D5E90027E42F /* Products */,
			);
			sourceTree = "<group>";
		};
		FAFB7B592833D5E90027E42F /* Products */ = {
			isa = PBXGroup;
			children = (
				FAFB7B582833D5E90027E42F /* Home5(2) */,
			);
			name = Products;
			sourceTree = "<group>";
		};
		FAFB7B5A2833D5E90027E42F /* Home5(2) */ = {
			isa = PBXGroup;
			children = (
				FAFB7B5B2833D5E90027E42F /* main.swift */,
				FAFB7B642833D81A0027E42F /* TechnicalData.swift */,
				FAFB7B622833D61A0027E42F /* Phone.swift */,
				FAFB7B662833D84A0027E42F /* Iphone5.swift */,
				FAFB7B682833D89B0027E42F /* Iphone6.swift */,
				FAFB7B6A2833D8BE0027E42F /* Iphone7.swift */,
				FAFB7B6C2833DB1F0027E42F /* ExternalData.swift */,
			);
			path = "Home5(2)";
			sourceTree = "<group>";
		};
/* End PBXGroup section */

/* Begin PBXNativeTarget section */
		FAFB7B572833D5E90027E42F /* Home5(2) */ = {
			isa = PBXNativeTarget;
			buildConfigurationList = FAFB7B5F2833D5E90027E42F /* Build configuration list for PBXNativeTarget "Home5(2)" */;
			buildPhases = (
				FAFB7B542833D5E90027E42F /* Sources */,
				FAFB7B552833D5E90027E42F /* Frameworks */,
				FAFB7B562833D5E90027E42F /* CopyFiles */,
			);
			buildRules = (
			);
			dependencies = (
			);
			name = "Home5(2)";
			productName = "Home5(2)";
			productReference = FAFB7B582833D5E90027E42F /* Home5(2) */;
			productType = "com.apple.product-type.tool";
		};
/* End PBXNativeTarget section */

/* Begin PBXProject section */
		FAFB7B502833D5E90027E42F /* Project object */ = {
			isa = PBXProject;
			attributes = {
				BuildIndependentTargetsInParallel = 1;
				LastSwiftUpdateCheck = 1320;
				LastUpgradeCheck = 1320;
				TargetAttributes = {
					FAFB7B572833D5E90027E42F = {
						CreatedOnToolsVersion = 13.2.1;
					};
				};
			};
			buildConfigurationList = FAFB7B532833D5E90027E42F /* Build configuration list for PBXProject "Home5(2)" */;
			compatibilityVersion = "Xcode 13.0";
			developmentRegion = en;
			hasScannedForEncodings = 0;
			knownRegions = (
				en,
				Base,
			);
			mainGroup = FAFB7B4F2833D5E90027E42F;
			productRefGroup = FAFB7B592833D5E90027E42F /* Products */;
			projectDirPath = "";
			projectRoot = "";
			targets = (
				FAFB7B572833D5E90027E42F /* Home5(2) */,
			);
		};
/* End PBXProject section */

/* Begin PBXSourcesBuildPhase section */
		FAFB7B542833D5E90027E42F /* Sources */ = {
			isa = PBXSourcesBuildPhase;
			buildActionMask = 2147483647;
			files = (
				FAFB7B6D2833DB1F0027E42F /* ExternalData.swift in Sources */,
				FAFB7B672833D84A0027E42F /* Iphone5.swift in Sources */,
				FAFB7B692833D89B0027E42F /* Iphone6.swift in Sources */,
				FAFB7B652833D81A0027E42F /* TechnicalData.swift in Sources */,
				FAFB7B632833D61A0027E42F /* Phone.swift in Sources */,
				FAFB7B6B2833D8BE0027E42F /* Iphone7.swift in Sources */,
				FAFB7B5C2833D5E90027E42F /* main.swift in Sources */,
			);
			runOnlyForDeploymentPostprocessing = 0;
		};
/* End PBXSourcesBuildPhase section */

/* Begin XCBuildConfiguration section */
		FAFB7B5D2833D5E90027E42F /* Debug */ = {
			isa = XCBuildConfiguration;
			buildSettings = {
				ALWAYS_SEARCH_USER_PATHS = NO;
				CLANG_ANALYZER_NONNULL = YES;
				CLANG_ANALYZER_NUMBER_OBJECT_CONVERSION = YES_AGGRESSIVE;
				CLANG_CXX_LANGUAGE_STANDARD = "gnu++17";
				CLANG_CXX_LIBRARY = "libc++";
				CLANG_ENABLE_MODULES = YES;
				CLANG_ENABLE_OBJC_ARC = YES;
				CLANG_ENABLE_OBJC_WEAK = YES;
				CLANG_WARN_BLOCK_CAPTURE_AUTORELEASING = YES;
				CLANG_WARN_BOOL_CONVERSION = YES;
				CLANG_WARN_COMMA = YES;
				CLANG_WARN_CONSTANT_CONVERSION = YES;
				CLANG_WARN_DEPRECATED_OBJC_IMPLEMENTATIONS = YES;
				CLANG_WARN_DIRECT_OBJC_ISA_USAGE = YES_ERROR;
				CLANG_WARN_DOCUMENTATION_COMMENTS = YES;
				CLANG_WARN_EMPTY_BODY = YES;
				CLANG_WARN_ENUM_CONVERSION = YES;
				CLANG_WARN_INFINITE_RECURSION = YES;
				CLANG_WARN_INT_CONVERSION = YES;
				CLANG_WARN_NON_LITERAL_NULL_CONVERSION = YES;
				CLANG_WARN_OBJC_IMPLICIT_RETAIN_SELF = YES;
				CLANG_WARN_OBJC_LITERAL_CONVERSION = YES;
				CLANG_WARN_OBJC_ROOT_CLASS = YES_ERROR;
				CLANG_WARN_QUOTED_INCLUDE_IN_FRAMEWORK_HEADER = YES;
				CLANG_WARN_RANGE_LOOP_ANALYSIS = YES;
				CLANG_WARN_STRICT_PROTOTYPES = YES;
				CLANG_WARN_SUSPICIOUS_MOVE = YES;
				CLANG_WARN_UNGUARDED_AVAILABILITY = YES_AGGRESSIVE;
				CLANG_WARN_UNREACHABLE_CODE = YES;
				CLANG_WARN__DUPLICATE_METHOD_MATCH = YES;
				COPY_PHASE_STRIP = NO;
				DEBUG_INFORMATION_FORMAT = dwarf;
				ENABLE_STRICT_OBJC_MSGSEND = YES;
				ENABLE_TESTABILITY = YES;
				GCC_C_LANGUAGE_STANDARD = gnu11;
				GCC_DYNAMIC_NO_PIC = NO;
				GCC_NO_COMMON_BLOCKS = YES;
				GCC_OPTIMIZATION_LEVEL = 0;
				GCC_PREPROCESSOR_DEFINITIONS = (
					"DEBUG=1",
					"$(inherited)",
				);
				GCC_WARN_64_TO_32_BIT_CONVERSION = YES;
				GCC_WARN_ABOUT_RETURN_TYPE = YES_ERROR;
				GCC_WARN_UNDECLARED_SELECTOR = YES;
				GCC_WARN_UNINITIALIZED_AUTOS = YES_AGGRESSIVE;
				GCC_WARN_UNUSED_FUNCTION = YES;
				GCC_WARN_UNUSED_VARIABLE = YES;
				MACOSX_DEPLOYMENT_TARGET = 12.1;
				MTL_ENABLE_DEBUG_INFO = INCLUDE_SOURCE;
				MTL_FAST_MATH = YES;
				ONLY_ACTIVE_ARCH = YES;
				SDKROOT = macosx;
				SWIFT_ACTIVE_COMPILATION_CONDITIONS = DEBUG;
				SWIFT_OPTIMIZATION_LEVEL = "-Onone";
			};
			name = Debug;
		};
		FAFB7B5E2833D5E90027E42F /* Release */ = {
			isa = XCBuildConfiguration;
			buildSettings = {
				ALWAYS_SEARCH_USER_PATHS = NO;
				CLANG_ANALYZER_NONNULL = YES;
				CLANG_ANALYZER_NUMBER_OBJECT_CONVERSION = YES_AGGRESSIVE;
				CLANG_CXX_LANGUAGE_STANDARD = "gnu++17";
				CLANG_CXX_LIBRARY = "libc++";
				CLANG_ENABLE_MODULES = YES;
				CLANG_ENABLE_OBJC_ARC = YES;
				CLANG_ENABLE_OBJC_WEAK = YES;
				CLANG_WARN_BLOCK_CAPTURE_AUTORELEASING = YES;
				CLANG_WARN_BOOL_CONVERSION = YES;
				CLANG_WARN_COMMA = YES;
				CLANG_WARN_CONSTANT_CONVERSION = YES;
				CLANG_WARN_DEPRECATED_OBJC_IMPLEMENTATIONS = YES;
				CLANG_WARN_DIRECT_OBJC_ISA_USAGE = YES_ERROR;
				CLANG_WARN_DOCUMENTATION_COMMENTS = YES;
				CLANG_WARN_EMPTY_BODY = YES;
				CLANG_WARN_ENUM_CONVERSION = YES;
				CLANG_WARN_INFINITE_RECURSION = YES;
				CLANG_WARN_INT_CONVERSION = YES;
				CLANG_WARN_NON_LITERAL_NULL_CONVERSION = YES;
				CLANG_WARN_OBJC_IMPLICIT_RETAIN_SELF = YES;
				CLANG_WARN_OBJC_LITERAL_CONVERSION = YES;
				CLANG_WARN_OBJC_ROOT_CLASS = YES_ERROR;
				CLANG_WARN_QUOTED_INCLUDE_IN_FRAMEWORK_HEADER = YES;
				CLANG_WARN_RANGE_LOOP_ANALYSIS = YES;
				CLANG_WARN_STRICT_PROTOTYPES = YES;
				CLANG_WARN_SUSPICIOUS_MOVE = YES;
				CLANG_WARN_UNGUARDED_AVAILABILITY = YES_AGGRESSIVE;
				CLANG_WARN_UNREACHABLE_CODE = YES;
				CLANG_WARN__DUPLICATE_METHOD_MATCH = YES;
				COPY_PHASE_STRIP = NO;
				DEBUG_INFORMATION_FORMAT = "dwarf-with-dsym";
				ENABLE_NS_ASSERTIONS = NO;
				ENABLE_STRICT_OBJC_MSGSEND = YES;
				GCC_C_LANGUAGE_STANDARD = gnu11;
				GCC_NO_COMMON_BLOCKS = YES;
				GCC_WARN_64_TO_32_BIT_CONVERSION = YES;
				GCC_WARN_ABOUT_RETURN_TYPE = YES_ERROR;
				GCC_WARN_UNDECLARED_SELECTOR = YES;
				GCC_WARN_UNINITIALIZED_AUTOS = YES_AGGRESSIVE;
				GCC_WARN_UNUSED_FUNCTION = YES;
				GCC_WARN_UNUSED_VARIABLE = YES;
				MACOSX_DEPLOYMENT_TARGET = 12.1;
				MTL_ENABLE_DEBUG_INFO = NO;
				MTL_FAST_MATH = YES;
				SDKROOT = macosx;
				SWIFT_COMPILATION_MODE = wholemodule;
				SWIFT_OPTIMIZATION_LEVEL = "-O";
			};
			name = Release;
		};
		FAFB7B602833D5E90027E42F /* Debug */ = {
			isa = XCBuildConfiguration;
			buildSettings = {
				CODE_SIGN_STYLE = Automatic;
				PRODUCT_NAME = "$(TARGET_NAME)";
				SWIFT_VERSION = 5.0;
			};
			name = Debug;
		};
		FAFB7B612833D5E90027E42F /* Release */ = {
			isa = XCBuildConfiguration;
			buildSettings = {
				CODE_SIGN_STYLE = Automatic;
				PRODUCT_NAME = "$(TARGET_NAME)";
				SWIFT_VERSION = 5.0;
			};
			name = Release;
		};
/* End XCBuildConfiguration section */

/* Begin XCConfigurationList section */
		FAFB7B532833D5E90027E42F /* Build configuration list for PBXProject "Home5(2)" */ = {
			isa = XCConfigurationList;
			buildConfigurations = (
				FAFB7B5D2833D5E90027E42F /* Debug */,
				FAFB7B5E2833D5E90027E42F /* Release */,
			);
			defaultConfigurationIsVisible = 0;
			defaultConfigurationName = Release;
		};
		FAFB7B5F2833D5E90027E42F /* Build configuration list for PBXNativeTarget "Home5(2)" */ = {
			isa = XCConfigurationList;
			buildConfigurations = (
				FAFB7B602833D5E90027E42F /* Debug */,
				FAFB7B612833D5E90027E42F /* Release */,
			);
			defaultConfigurationIsVisible = 0;
			defaultConfigurationName = Release;
		};
/* End XCConfigurationList section */
	};
	rootObject = FAFB7B502833D5E90027E42F /* Project object */;
}
